
Microsoft Visual Studio Solution File, Format Version 12.00
# Visual Studio Version 16
VisualStudioVersion = 16.0.30907.101
MinimumVisualStudioVersion = 10.0.40219.1
Project("{FAE04EC0-301F-11D3-BF4B-00C04F79EFBC}") = "InventryAPI", "InventryAPI\InventryAPI.csproj", "{0866A961-E050-4EBE-BC76-4225441D3946}"
EndProject
Project("{FAE04EC0-301F-11D3-BF4B-00C04F79EFBC}") = "Inventry.DAL", "Inventry.DAL\Inventry.DAL.csproj", "{840D3F35-2A29-4CDB-998B-AF056AD8D408}"
EndProject
Project("{FAE04EC0-301F-11D3-BF4B-00C04F79EFBC}") = "Inventry.Service", "Inventry.Service\Inventry.Service.csproj", "{AA50E4B0-1550-44D8-99C5-1870F657ABC6}"
EndProject
Global
	GlobalSection(SolutionConfigurationPlatforms) = preSolution
		Debug|Any CPU = Debug|Any CPU
		Release|Any CPU = Release|Any CPU
	EndGlobalSection
	GlobalSection(ProjectConfigurationPlatforms) = postSolution
		{0866A961-E050-4EBE-BC76-4225441D3946}.Debug|Any CPU.ActiveCfg = Debug|Any CPU
		{0866A961-E050-4EBE-BC76-4225441D3946}.Debug|Any CPU.Build.0 = Debug|Any CPU
		{0866A961-E050-4EBE-BC76-4225441D3946}.Release|Any CPU.ActiveCfg = Release|Any CPU
		{0866A961-E050-4EBE-BC76-4225441D3946}.Release|Any CPU.Build.0 = Release|Any CPU
		{840D3F35-2A29-4CDB-998B-AF056AD8D408}.Debug|Any CPU.ActiveCfg = Debug|Any CPU
		{840D3F35-2A29-4CDB-998B-AF056AD8D408}.Debug|Any CPU.Build.0 = Debug|Any CPU
		{840D3F35-2A29-4CDB-998B-AF056AD8D408}.Release|Any CPU.ActiveCfg = Release|Any CPU
		{840D3F35-2A29-4CDB-998B-AF056AD8D408}.Release|Any CPU.Build.0 = Release|Any CPU
		{AA50E4B0-1550-44D8-99C5-1870F657ABC6}.Debug|Any CPU.ActiveCfg = Debug|Any CPU
		{AA50E4B0-1550-44D8-99C5-1870F657ABC6}.Debug|Any CPU.Build.0 = Debug|Any CPU
		{AA50E4B0-1550-44D8-99C5-1870F657ABC6}.Release|Any CPU.ActiveCfg = Release|Any CPU
		{AA50E4B0-1550-44D8-99C5-1870F657ABC6}.Release|Any CPU.Build.0 = Release|Any CPU
	EndGlobalSection
	GlobalSection(SolutionProperties) = preSolution
		HideSolutionNode = FALSE
	EndGlobalSection
	GlobalSection(ExtensibilityGlobals) = postSolution
		SolutionGuid = {95BF636E-F675-41F6-BAFB-F91DCC9A5841}
	EndGlobalSection
EndGlobal
